
Microsoft Visual Studio Solution File, Format Version 12.00
# Visual Studio 15
VisualStudioVersion = 15.0.27130.2026
MinimumVisualStudioVersion = 10.0.40219.1
Project("{FAE04EC0-301F-11D3-BF4B-00C04F79EFBC}") = "WPFVisifire.Charts", "WPFVisifire.Charts.csproj", "{26253A44-8E01-4B86-ADD2-404784D2390A}"
EndProject
Global
	GlobalSection(SolutionConfigurationPlatforms) = preSolution
		Debug|Any CPU = Debug|Any CPU
		Release|Any CPU = Release|Any CPU
	EndGlobalSection
	GlobalSection(ProjectConfigurationPlatforms) = postSolution
		{26253A44-8E01-4B86-ADD2-404784D2390A}.Debug|Any CPU.ActiveCfg = Debug|Any CPU
		{26253A44-8E01-4B86-ADD2-404784D2390A}.Debug|Any CPU.Build.0 = Debug|Any CPU
		{26253A44-8E01-4B86-ADD2-404784D2390A}.Release|Any CPU.ActiveCfg = Release|Any CPU
		{26253A44-8E01-4B86-ADD2-404784D2390A}.Release|Any CPU.Build.0 = Release|Any CPU
	EndGlobalSection
	GlobalSection(SolutionProperties) = preSolution
		HideSolutionNode = FALSE
	EndGlobalSection
	GlobalSection(ExtensibilityGlobals) = postSolution
		SolutionGuid = {002535E7-925C-44AA-9A3B-C6C73E71351C}
	EndGlobalSection
EndGlobal
