
Microsoft Visual Studio Solution File, Format Version 11.00
# Visual Studio 2010
Project("{8BC9CEB8-8B4A-11D0-8D11-00A0C91BC942}") = "ManageCodeInvoker", "ManageCodeInvoker\ManageCodeInvoker.vcxproj", "{348519B6-0DE5-41F7-B1F9-756836855582}"
EndProject
Project("{FAE04EC0-301F-11D3-BF4B-00C04F79EFBC}") = "Message", "Message\Message.csproj", "{427A3657-0A7B-493B-A535-5681BF6C4F5C}"
EndProject
Project("{FAE04EC0-301F-11D3-BF4B-00C04F79EFBC}") = "Injector", "Injector\Injector.csproj", "{5F649DA3-C63F-4D6B-8C2E-3DB80CA4A194}"
EndProject
Project("{FAE04EC0-301F-11D3-BF4B-00C04F79EFBC}") = "TargetForInject", "TargetForInject\TargetForInject.csproj", "{74FDEDE8-53E1-476D-9132-DC6C5B3D2614}"
EndProject
Global
	GlobalSection(SolutionConfigurationPlatforms) = preSolution
		Debug|Any CPU = Debug|Any CPU
		Debug|Mixed Platforms = Debug|Mixed Platforms
		Debug|Win32 = Debug|Win32
		Debug|x86 = Debug|x86
		Release|Any CPU = Release|Any CPU
		Release|Mixed Platforms = Release|Mixed Platforms
		Release|Win32 = Release|Win32
		Release|x86 = Release|x86
	EndGlobalSection
	GlobalSection(ProjectConfigurationPlatforms) = postSolution
		{348519B6-0DE5-41F7-B1F9-756836855582}.Debug|Any CPU.ActiveCfg = Debug|Win32
		{348519B6-0DE5-41F7-B1F9-756836855582}.Debug|Mixed Platforms.ActiveCfg = Debug|Win32
		{348519B6-0DE5-41F7-B1F9-756836855582}.Debug|Mixed Platforms.Build.0 = Debug|Win32
		{348519B6-0DE5-41F7-B1F9-756836855582}.Debug|Win32.ActiveCfg = Debug|Win32
		{348519B6-0DE5-41F7-B1F9-756836855582}.Debug|Win32.Build.0 = Debug|Win32
		{348519B6-0DE5-41F7-B1F9-756836855582}.Debug|x86.ActiveCfg = Debug|Win32
		{348519B6-0DE5-41F7-B1F9-756836855582}.Release|Any CPU.ActiveCfg = Release|Win32
		{348519B6-0DE5-41F7-B1F9-756836855582}.Release|Mixed Platforms.ActiveCfg = Release|Win32
		{348519B6-0DE5-41F7-B1F9-756836855582}.Release|Mixed Platforms.Build.0 = Release|Win32
		{348519B6-0DE5-41F7-B1F9-756836855582}.Release|Win32.ActiveCfg = Release|Win32
		{348519B6-0DE5-41F7-B1F9-756836855582}.Release|Win32.Build.0 = Release|Win32
		{348519B6-0DE5-41F7-B1F9-756836855582}.Release|x86.ActiveCfg = Release|Win32
		{427A3657-0A7B-493B-A535-5681BF6C4F5C}.Debug|Any CPU.ActiveCfg = Debug|Any CPU
		{427A3657-0A7B-493B-A535-5681BF6C4F5C}.Debug|Any CPU.Build.0 = Debug|Any CPU
		{427A3657-0A7B-493B-A535-5681BF6C4F5C}.Debug|Mixed Platforms.ActiveCfg = Debug|Any CPU
		{427A3657-0A7B-493B-A535-5681BF6C4F5C}.Debug|Mixed Platforms.Build.0 = Debug|Any CPU
		{427A3657-0A7B-493B-A535-5681BF6C4F5C}.Debug|Win32.ActiveCfg = Debug|Any CPU
		{427A3657-0A7B-493B-A535-5681BF6C4F5C}.Debug|x86.ActiveCfg = Debug|Any CPU
		{427A3657-0A7B-493B-A535-5681BF6C4F5C}.Release|Any CPU.ActiveCfg = Release|Any CPU
		{427A3657-0A7B-493B-A535-5681BF6C4F5C}.Release|Any CPU.Build.0 = Release|Any CPU
		{427A3657-0A7B-493B-A535-5681BF6C4F5C}.Release|Mixed Platforms.ActiveCfg = Release|Any CPU
		{427A3657-0A7B-493B-A535-5681BF6C4F5C}.Release|Mixed Platforms.Build.0 = Release|Any CPU
		{427A3657-0A7B-493B-A535-5681BF6C4F5C}.Release|Win32.ActiveCfg = Release|Any CPU
		{427A3657-0A7B-493B-A535-5681BF6C4F5C}.Release|x86.ActiveCfg = Release|Any CPU
		{5F649DA3-C63F-4D6B-8C2E-3DB80CA4A194}.Debug|Any CPU.ActiveCfg = Debug|x86
		{5F649DA3-C63F-4D6B-8C2E-3DB80CA4A194}.Debug|Mixed Platforms.ActiveCfg = Debug|x86
		{5F649DA3-C63F-4D6B-8C2E-3DB80CA4A194}.Debug|Mixed Platforms.Build.0 = Debug|x86
		{5F649DA3-C63F-4D6B-8C2E-3DB80CA4A194}.Debug|Win32.ActiveCfg = Debug|x86
		{5F649DA3-C63F-4D6B-8C2E-3DB80CA4A194}.Debug|x86.ActiveCfg = Debug|x86
		{5F649DA3-C63F-4D6B-8C2E-3DB80CA4A194}.Debug|x86.Build.0 = Debug|x86
		{5F649DA3-C63F-4D6B-8C2E-3DB80CA4A194}.Release|Any CPU.ActiveCfg = Release|x86
		{5F649DA3-C63F-4D6B-8C2E-3DB80CA4A194}.Release|Mixed Platforms.ActiveCfg = Release|x86
		{5F649DA3-C63F-4D6B-8C2E-3DB80CA4A194}.Release|Mixed Platforms.Build.0 = Release|x86
		{5F649DA3-C63F-4D6B-8C2E-3DB80CA4A194}.Release|Win32.ActiveCfg = Release|x86
		{5F649DA3-C63F-4D6B-8C2E-3DB80CA4A194}.Release|x86.ActiveCfg = Release|x86
		{5F649DA3-C63F-4D6B-8C2E-3DB80CA4A194}.Release|x86.Build.0 = Release|x86
		{74FDEDE8-53E1-476D-9132-DC6C5B3D2614}.Debug|Any CPU.ActiveCfg = Debug|x86
		{74FDEDE8-53E1-476D-9132-DC6C5B3D2614}.Debug|Mixed Platforms.ActiveCfg = Debug|x86
		{74FDEDE8-53E1-476D-9132-DC6C5B3D2614}.Debug|Mixed Platforms.Build.0 = Debug|x86
		{74FDEDE8-53E1-476D-9132-DC6C5B3D2614}.Debug|Win32.ActiveCfg = Debug|x86
		{74FDEDE8-53E1-476D-9132-DC6C5B3D2614}.Debug|x86.ActiveCfg = Debug|x86
		{74FDEDE8-53E1-476D-9132-DC6C5B3D2614}.Debug|x86.Build.0 = Debug|x86
		{74FDEDE8-53E1-476D-9132-DC6C5B3D2614}.Release|Any CPU.ActiveCfg = Release|x86
		{74FDEDE8-53E1-476D-9132-DC6C5B3D2614}.Release|Mixed Platforms.ActiveCfg = Release|x86
		{74FDEDE8-53E1-476D-9132-DC6C5B3D2614}.Release|Mixed Platforms.Build.0 = Release|x86
		{74FDEDE8-53E1-476D-9132-DC6C5B3D2614}.Release|Win32.ActiveCfg = Release|x86
		{74FDEDE8-53E1-476D-9132-DC6C5B3D2614}.Release|x86.ActiveCfg = Release|x86
		{74FDEDE8-53E1-476D-9132-DC6C5B3D2614}.Release|x86.Build.0 = Release|x86
	EndGlobalSection
	GlobalSection(SolutionProperties) = preSolution
		HideSolutionNode = FALSE
	EndGlobalSection
EndGlobal
